<?xml version="1.0" encoding="utf-8"?>
<Project ToolsVersion="4.0" xmlns="http://schemas.microsoft.com/developer/msbuild/2003">
  <ItemGroup>
    <Filter Include="ソース ファイル">
      <UniqueIdentifier>{4FC737F1-C7A5-4376-A066-2A32D752A2FF}</UniqueIdentifier>
      <Extensions>cpp;c;cc;cxx;c++;cppm;ixx;def;odl;idl;hpj;bat;asm;asmx</Extensions>
    </Filter>
    <Filter Include="ヘッダー ファイル">
      <UniqueIdentifier>{93995380-89BD-4b04-88EB-625FBE52EBFB}</UniqueIdentifier>
      <Extensions>h;hh;hpp;hxx;h++;hm;inl;inc;ipp;xsd</Extensions>
    </Filter>
    <Filter Include="リソース ファイル">
      <UniqueIdentifier>{67DA6AB6-F800-4c08-8B7A-83BB121AAD01}</UniqueIdentifier>
      <Extensions>rc;ico;cur;bmp;dlg;rc2;rct;bin;rgs;gif;jpg;jpeg;jpe;resx;tiff;tif;png;wav;mfcribbon-ms</Extensions>
    </Filter>
    <Filter Include="リソース ファイル\Player">
      <UniqueIdentifier>{9c73f79c-6542-46ec-a78a-e34cee9017de}</UniqueIdentifier>
    </Filter>
    <Filter Include="リソース ファイル\Item">
      <UniqueIdentifier>{129a7b9d-3053-4571-b647-40c6e1a2c893}</UniqueIdentifier>
    </Filter>
    <Filter Include="リソース ファイル\UI">
      <UniqueIdentifier>{f275ac6e-bcc0-4e19-9588-0fa226c2ca39}</UniqueIdentifier>
    </Filter>
    <Filter Include="リソース ファイル\Object">
      <UniqueIdentifier>{e90a1fb7-9a07-4835-8f5d-7edd2a7721b1}</UniqueIdentifier>
    </Filter>
    <Filter Include="リソース ファイル\SetUp">
      <UniqueIdentifier>{2bd2f17b-087b-4ca9-b0f9-a1e35c8ece12}</UniqueIdentifier>
    </Filter>
    <Filter Include="リソース ファイル\Scene">
      <UniqueIdentifier>{abd37322-f1c1-4385-be6f-fa504e1f5f8c}</UniqueIdentifier>
    </Filter>
  </ItemGroup>
  <ItemGroup>
    <ClCompile Include="main.cpp">
      <Filter>ソース ファイル</Filter>
    </ClCompile>
    <ClCompile Include="Player.cpp">
      <Filter>リソース ファイル\Player</Filter>
    </ClCompile>
    <ClCompile Include="DelteTime.cpp">
      <Filter>ソース ファイル</Filter>
    </ClCompile>
    <ClCompile Include="Item.cpp">
      <Filter>リソース ファイル\Item</Filter>
    </ClCompile>
    <ClCompile Include="PlayerBase.cpp">
      <Filter>リソース ファイル\Player</Filter>
    </ClCompile>
    <ClCompile Include="Time.cpp">
      <Filter>リソース ファイル\UI</Filter>
    </ClCompile>
    <ClCompile Include="Score.cpp">
      <Filter>リソース ファイル\UI</Filter>
    </ClCompile>
    <ClCompile Include="BackObject.cpp">
      <Filter>リソース ファイル\Object</Filter>
    </ClCompile>
    <ClCompile Include="Animtion.cpp">
      <Filter>リソース ファイル\Player</Filter>
    </ClCompile>
    <ClCompile Include="ItemTimer.cpp">
      <Filter>リソース ファイル\Item</Filter>
    </ClCompile>
    <ClCompile Include="Interfere.cpp">
      <Filter>リソース ファイル\Item</Filter>
    </ClCompile>
    <ClCompile Include="BackGround.cpp">
      <Filter>リソース ファイル\UI</Filter>
    </ClCompile>
    <ClCompile Include="Light.cpp">
      <Filter>リソース ファイル\SetUp</Filter>
    </ClCompile>
    <ClCompile Include="Camera.cpp">
      <Filter>リソース ファイル\SetUp</Filter>
    </ClCompile>
    <ClCompile Include="Result.cpp">
      <Filter>リソース ファイル\Scene</Filter>
    </ClCompile>
    <ClCompile Include="GameManager.cpp">
      <Filter>リソース ファイル\Scene</Filter>
    </ClCompile>
    <ClCompile Include="SceneManager.cpp">
      <Filter>リソース ファイル\Scene</Filter>
    </ClCompile>
    <ClCompile Include="Sound.cpp">
      <Filter>リソース ファイル\SetUp</Filter>
    </ClCompile>
  </ItemGroup>
  <ItemGroup>
    <ClInclude Include="Player.h">
      <Filter>リソース ファイル\Player</Filter>
    </ClInclude>
    <ClInclude Include="DelteTime.h">
      <Filter>ヘッダー ファイル</Filter>
    </ClInclude>
    <ClInclude Include="Item.h">
      <Filter>リソース ファイル\Item</Filter>
    </ClInclude>
    <ClInclude Include="PlayerBase.h">
      <Filter>リソース ファイル\Player</Filter>
    </ClInclude>
    <ClInclude Include="Time.h">
      <Filter>リソース ファイル\UI</Filter>
    </ClInclude>
    <ClInclude Include="Random.h">
      <Filter>リソース ファイル\Item</Filter>
    </ClInclude>
    <ClInclude Include="Score.h">
      <Filter>リソース ファイル\UI</Filter>
    </ClInclude>
    <ClInclude Include="BackObject.h">
      <Filter>リソース ファイル\Object</Filter>
    </ClInclude>
    <ClInclude Include="Animtion.h">
      <Filter>リソース ファイル\Player</Filter>
    </ClInclude>
    <ClInclude Include="ItemTimer.h">
      <Filter>リソース ファイル\Item</Filter>
    </ClInclude>
    <ClInclude Include="Interfere.h">
      <Filter>リソース ファイル\Item</Filter>
    </ClInclude>
    <ClInclude Include="BackGround.h">
      <Filter>リソース ファイル\UI</Filter>
    </ClInclude>
    <ClInclude Include="Light.h">
      <Filter>リソース ファイル\SetUp</Filter>
    </ClInclude>
    <ClInclude Include="Camera.h">
      <Filter>リソース ファイル\SetUp</Filter>
    </ClInclude>
    <ClInclude Include="Result.h">
      <Filter>リソース ファイル\Scene</Filter>
    </ClInclude>
    <ClInclude Include="GameManager.h">
      <Filter>リソース ファイル\Scene</Filter>
    </ClInclude>
    <ClInclude Include="SceneManager.h">
      <Filter>リソース ファイル\Scene</Filter>
    </ClInclude>
    <ClInclude Include="Sound.h">
      <Filter>リソース ファイル\SetUp</Filter>
    </ClInclude>
  </ItemGroup>
</Project>